# THIS IS AN AUTOGENERATED FILE. DO NOT EDIT THIS FILE DIRECTLY.
# yarn lockfile v1


"@0no-co/graphql.web@^1.0.5":
  version "1.1.2"
  resolved "https://registry.yarnpkg.com/@0no-co/graphql.web/-/graphql.web-1.1.2.tgz#9af8deaf3f236c1c6ee99cc5349051475e5dcc83"
  integrity sha512-N2NGsU5FLBhT8NZ+3l2YrzZSHITjNXNuDhC4iDiikv0IujaJ0Xc6xIxQZ/Ek3Cb+rgPjnLHYyJm11tInuJn+cw==

"@0no-co/graphqlsp@^1.12.13":
  version "1.12.16"
  resolved "https://registry.yarnpkg.com/@0no-co/graphqlsp/-/graphqlsp-1.12.16.tgz#58fe7bad53b3ad9fdf2d5f41ddeb9b418d289a03"
  integrity sha512-B5pyYVH93Etv7xjT6IfB7QtMBdaaC07yjbhN6v8H7KgFStMkPvi+oWYBTibMFRMY89qwc9H8YixXg8SXDVgYWw==
  dependencies:
    "@gql.tada/internal" "^1.0.0"
    graphql "^15.5.0 || ^16.0.0 || ^17.0.0"

"@gql.tada/cli-utils@1.6.3":
  version "1.6.3"
  resolved "https://registry.yarnpkg.com/@gql.tada/cli-utils/-/cli-utils-1.6.3.tgz#b893cec74908da4df0602691e2e0b1497fda8cda"
  integrity sha512-jFFSY8OxYeBxdKi58UzeMXG1tdm4FVjXa8WHIi66Gzu9JWtCE6mqom3a8xkmSw+mVaybFW5EN2WXf1WztJVNyQ==
  dependencies:
    "@0no-co/graphqlsp" "^1.12.13"
    "@gql.tada/internal" "1.0.8"
    graphql "^15.5.0 || ^16.0.0 || ^17.0.0"

"@gql.tada/internal@1.0.8", "@gql.tada/internal@^1.0.0":
  version "1.0.8"
  resolved "https://registry.yarnpkg.com/@gql.tada/internal/-/internal-1.0.8.tgz#3ba9fa6534809788bbbe103492f70b8e9d754027"
  integrity sha512-XYdxJhtHC5WtZfdDqtKjcQ4d7R1s0d1rnlSs3OcBEUbYiPoJJfZU7tWsVXuv047Z6msvmr4ompJ7eLSK5Km57g==
  dependencies:
    "@0no-co/graphql.web" "^1.0.5"

"@graphql-typed-document-node/core@^3.2.0":
  version "3.2.0"
  resolved "https://registry.yarnpkg.com/@graphql-typed-document-node/core/-/core-3.2.0.tgz#5f3d96ec6b2354ad6d8a28bf216a1d97b5426861"
  integrity sha512-mB9oAsNCm9aM3/SOv4YtBMqZbYj10R7dkq8byBqxGY/ncFwhf2oQzMV+LCRlWoDSEBJ3COiR1yeDvMtsoOsuFQ==

"@mysten/bcs@1.6.0":
  version "1.6.0"
  resolved "https://registry.yarnpkg.com/@mysten/bcs/-/bcs-1.6.0.tgz#ccd7153cef7a83a402724c8fb3b2603323a4aedc"
  integrity sha512-ydDRYdIkIFCpHCcPvAkMC91fVwumjzbTgjqds0KsphDQI3jUlH3jFG5lfYNTmV6V3pkhOiRk1fupLBcsQsiszg==
  dependencies:
    "@scure/base" "^1.2.4"

"@mysten/sui@1.28.0":
  version "1.28.0"
  resolved "https://registry.yarnpkg.com/@mysten/sui/-/sui-1.28.0.tgz#32322ade494a64284e1bf09a995b46de72a93935"
  integrity sha512-ABcKc+QBpazBl5/ByLChxHOiPjqxISSdXnBuU1rLm1frp5tjMSCChiL7Reth2zcxWO2qYFK70ewEkYVtJvJQvw==
  dependencies:
    "@graphql-typed-document-node/core" "^3.2.0"
    "@mysten/bcs" "1.6.0"
    "@mysten/utils" "0.0.0"
    "@noble/curves" "^1.8.1"
    "@noble/hashes" "^1.7.1"
    "@scure/base" "^1.2.4"
    "@scure/bip32" "^1.6.2"
    "@scure/bip39" "^1.5.4"
    gql.tada "^1.8.2"
    graphql "^16.9.0"
    poseidon-lite "^0.2.0"
    valibot "^0.36.0"

"@mysten/utils@0.0.0":
  version "0.0.0"
  resolved "https://registry.yarnpkg.com/@mysten/utils/-/utils-0.0.0.tgz#e088ddd10d2e99c9cecbf2bc93f999d299cc1b06"
  integrity sha512-KRI57Qow3E7TGqczimazwGf7+fwukdOi+6a31igSCzz0kPjAXbyK1a1gXaxeLMF8xEZ07ouW3RnsWt+EaUuHUw==
  dependencies:
    "@scure/base" "^1.2.4"

"@mysten/wallet-standard@^0.14.0":
  version "0.14.5"
  resolved "https://registry.yarnpkg.com/@mysten/wallet-standard/-/wallet-standard-0.14.5.tgz#4a25e3778479e130d396fcd4008ad7e6b7748046"
  integrity sha512-UtwDvhCx6qZneoStQu9hiFqX8+XEimbnAcWUBSN2T9hRDf+o0Btyr30XZ3zuqIyTQIwvFHUQ0RrRQhAhLpSDww==
  dependencies:
    "@mysten/sui" "1.28.0"
    "@wallet-standard/core" "1.1.0"

"@noble/curves@^1.8.1", "@noble/curves@~1.8.1":
  version "1.8.2"
  resolved "https://registry.yarnpkg.com/@noble/curves/-/curves-1.8.2.tgz#8f24c037795e22b90ae29e222a856294c1d9ffc7"
  integrity sha512-vnI7V6lFNe0tLAuJMu+2sX+FcL14TaCWy1qiczg1VwRmPrpQCdq5ESXQMqUc2tluRNf6irBXrWbl1mGN8uaU/g==
  dependencies:
    "@noble/hashes" "1.7.2"

"@noble/hashes@1.7.2", "@noble/hashes@^1.7.1", "@noble/hashes@~1.7.1":
  version "1.7.2"
  resolved "https://registry.yarnpkg.com/@noble/hashes/-/hashes-1.7.2.tgz#d53c65a21658fb02f3303e7ee3ba89d6754c64b4"
  integrity sha512-biZ0NUSxyjLLqo6KxEJ1b+C2NAx0wtDoFvCaXHGgUkeHzf3Xc1xKumFKREuT7f7DARNZ/slvYUwFG6B0f2b6hQ==

"@scure/base@^1.2.4", "@scure/base@~1.2.2", "@scure/base@~1.2.4":
  version "1.2.4"
  resolved "https://registry.yarnpkg.com/@scure/base/-/base-1.2.4.tgz#002eb571a35d69bdb4c214d0995dff76a8dcd2a9"
  integrity sha512-5Yy9czTO47mqz+/J8GM6GIId4umdCk1wc1q8rKERQulIoc8VP9pzDcghv10Tl2E7R96ZUx/PhND3ESYUQX8NuQ==

"@scure/bip32@^1.6.2":
  version "1.6.2"
  resolved "https://registry.yarnpkg.com/@scure/bip32/-/bip32-1.6.2.tgz#093caa94961619927659ed0e711a6e4bf35bffd0"
  integrity sha512-t96EPDMbtGgtb7onKKqxRLfE5g05k7uHnHRM2xdE6BP/ZmxaLtPek4J4KfVn/90IQNrU1IOAqMgiDtUdtbe3nw==
  dependencies:
    "@noble/curves" "~1.8.1"
    "@noble/hashes" "~1.7.1"
    "@scure/base" "~1.2.2"

"@scure/bip39@^1.5.4":
  version "1.5.4"
  resolved "https://registry.yarnpkg.com/@scure/bip39/-/bip39-1.5.4.tgz#07fd920423aa671be4540d59bdd344cc1461db51"
  integrity sha512-TFM4ni0vKvCfBpohoh+/lY05i9gRbSwXWngAsF4CABQxoaOHijxuaZ2R6cStDQ5CHtHO9aGJTr4ksVJASRRyMA==
  dependencies:
    "@noble/hashes" "~1.7.1"
    "@scure/base" "~1.2.4"

"@wallet-standard/app@^1.1.0":
  version "1.1.0"
  resolved "https://registry.yarnpkg.com/@wallet-standard/app/-/app-1.1.0.tgz#2ca32e4675536224ebe55a00ad533b7923d7380a"
  integrity sha512-3CijvrO9utx598kjr45hTbbeeykQrQfKmSnxeWOgU25TOEpvcipD/bYDQWIqUv1Oc6KK4YStokSMu/FBNecGUQ==
  dependencies:
    "@wallet-standard/base" "^1.1.0"

"@wallet-standard/base@^1.1.0":
  version "1.1.0"
  resolved "https://registry.yarnpkg.com/@wallet-standard/base/-/base-1.1.0.tgz#214093c0597a1e724ee6dbacd84191dfec62bb33"
  integrity sha512-DJDQhjKmSNVLKWItoKThJS+CsJQjR9AOBOirBVT1F9YpRyC9oYHE+ZnSf8y8bxUphtKqdQMPVQ2mHohYdRvDVQ==

"@wallet-standard/core@1.1.0":
  version "1.1.0"
  resolved "https://registry.yarnpkg.com/@wallet-standard/core/-/core-1.1.0.tgz#06a2193afe9cda41e626a8e990996e568138da91"
  integrity sha512-v2W5q/NlX1qkn2q/JOXQT//pOAdrhz7+nOcO2uiH9+a0uvreL+sdWWqkhFmMcX+HEBjaibdOQMUoIfDhOGX4XA==
  dependencies:
    "@wallet-standard/app" "^1.1.0"
    "@wallet-standard/base" "^1.1.0"
    "@wallet-standard/errors" "^0.1.0"
    "@wallet-standard/features" "^1.1.0"
    "@wallet-standard/wallet" "^1.1.0"

"@wallet-standard/errors@^0.1.0":
  version "0.1.1"
  resolved "https://registry.yarnpkg.com/@wallet-standard/errors/-/errors-0.1.1.tgz#e745c5925276c0ac6d02f0d489888c171f5e4680"
  integrity sha512-V8Ju1Wvol8i/VDyQOHhjhxmMVwmKiwyxUZBnHhtiPZJTWY0U/Shb2iEWyGngYEbAkp2sGTmEeNX1tVyGR7PqNw==
  dependencies:
    chalk "^5.4.1"
    commander "^13.1.0"

"@wallet-standard/features@^1.1.0":
  version "1.1.0"
  resolved "https://registry.yarnpkg.com/@wallet-standard/features/-/features-1.1.0.tgz#f256d7b18940c8d134f66164330db358a8f5200e"
  integrity sha512-hiEivWNztx73s+7iLxsuD1sOJ28xtRix58W7Xnz4XzzA/pF0+aicnWgjOdA10doVDEDZdUuZCIIqG96SFNlDUg==
  dependencies:
    "@wallet-standard/base" "^1.1.0"

"@wallet-standard/wallet@^1.1.0":
  version "1.1.0"
  resolved "https://registry.yarnpkg.com/@wallet-standard/wallet/-/wallet-1.1.0.tgz#a1e46a3f1b2d06a0206058562169b1f0e9652d0f"
  integrity sha512-Gt8TnSlDZpAl+RWOOAB/kuvC7RpcdWAlFbHNoi4gsXsfaWa1QCT6LBcfIYTPdOZC9OVZUDwqGuGAcqZejDmHjg==
  dependencies:
    "@wallet-standard/base" "^1.1.0"

chalk@^5.4.1:
  version "5.4.1"
  resolved "https://registry.yarnpkg.com/chalk/-/chalk-5.4.1.tgz#1b48bf0963ec158dce2aacf69c093ae2dd2092d8"
  integrity sha512-zgVZuo2WcZgfUEmsn6eO3kINexW8RAE4maiQ8QNs8CtpPCSyMiYsULR3HQYkm3w8FIA3SberyMJMSldGsW+U3w==

commander@^13.1.0:
  version "13.1.0"
  resolved "https://registry.yarnpkg.com/commander/-/commander-13.1.0.tgz#776167db68c78f38dcce1f9b8d7b8b9a488abf46"
  integrity sha512-/rFeCpNJQbhSZjGVwO9RFV3xPqbnERS8MmIQzCtD/zl6gpJuV/bMLuN92oG3F7d8oDEHHRrujSXNUr8fpjntKw==

eth-rpc-errors@^4.0.3:
  version "4.0.3"
  resolved "https://registry.npmjs.org/eth-rpc-errors/-/eth-rpc-errors-4.0.3.tgz"
  integrity sha512-Z3ymjopaoft7JDoxZcEb3pwdGh7yiYMhOwm2doUt6ASXlMavpNlK6Cre0+IMl2VSGyEU9rkiperQhp5iRxn5Pg==
  dependencies:
    fast-safe-stringify "^2.0.6"

fast-safe-stringify@^2.0.6:
  version "2.1.1"
  resolved "https://registry.yarnpkg.com/fast-safe-stringify/-/fast-safe-stringify-2.1.1.tgz#c406a83b6e70d9e35ce3b30a81141df30aeba884"
  integrity sha512-W+KJc2dmILlPplD/H4K9l9LcAHAfPtP6BY84uVLXQ6Evcz9Lcg33Y2z1IVblT6xdY54PXYVHEv+0Wpq8Io6zkA==

gql.tada@^1.8.2:
  version "1.8.10"
  resolved "https://registry.yarnpkg.com/gql.tada/-/gql.tada-1.8.10.tgz#096a1b30d3c6fc74212fe07d507f01a4095f7f67"
  integrity sha512-FrvSxgz838FYVPgZHGOSgbpOjhR+yq44rCzww3oOPJYi0OvBJjAgCiP6LEokZIYND2fUTXzQAyLgcvgw1yNP5A==
  dependencies:
    "@0no-co/graphql.web" "^1.0.5"
    "@0no-co/graphqlsp" "^1.12.13"
    "@gql.tada/cli-utils" "1.6.3"
    "@gql.tada/internal" "1.0.8"

"graphql@^15.5.0 || ^16.0.0 || ^17.0.0", graphql@^16.9.0:
  version "16.10.0"
  resolved "https://registry.yarnpkg.com/graphql/-/graphql-16.10.0.tgz#24c01ae0af6b11ea87bf55694429198aaa8e220c"
  integrity sha512-AjqGKbDGUFRKIRCP9tCKiIGHyriz2oHEbPIbEtcSLSs4YjReZOIPQQWek4+6hjw62H9QShXHyaGivGiYVLeYFQ==

mitt@^3.0.0:
  version "3.0.0"
  resolved "https://registry.yarnpkg.com/mitt/-/mitt-3.0.0.tgz#69ef9bd5c80ff6f57473e8d89326d01c414be0bd"
  integrity sha512-7dX2/10ITVyqh4aOSVI9gdape+t9l2/8QxHrFmUXu4EEUpdlxl6RudZUPZoc+zuY2hk1j7XxVroIVIan/pD/SQ==

poseidon-lite@^0.2.0:
  version "0.2.1"
  resolved "https://registry.yarnpkg.com/poseidon-lite/-/poseidon-lite-0.2.1.tgz#7ad98e3a3aa5b91a1fd3a61a87460e9e46fd76d6"
  integrity sha512-xIr+G6HeYfOhCuswdqcFpSX47SPhm0EpisWJ6h7fHlWwaVIvH3dLnejpatrtw6Xc6HaLrpq05y7VRfvDmDGIog==

valibot@^0.36.0:
  version "0.36.0"
  resolved "https://registry.yarnpkg.com/valibot/-/valibot-0.36.0.tgz#74e746694b1abcc1879e4393db551d4ce1e10578"
  integrity sha512-CjF1XN4sUce8sBK9TixrDqFM7RwNkuXdJu174/AwmQUB62QbCQADg5lLe8ldBalFgtj1uKj+pKwDJiNo4Mn+eQ==
