# THIS IS AN AUTOGENERATED FILE. DO NOT EDIT THIS FILE DIRECTLY.
# yarn lockfile v1


"@babel/runtime@^7.17.2":
  version "7.20.1"
  resolved "https://registry.npmjs.org/@babel/runtime/-/runtime-7.20.1.tgz"
  integrity sha512-mrzLkl6U9YLF8qpqI7TB82PESyEGjm/0Ly91jG575eVxMMlb8fYfOXFZIJ8XfLrJZQbm7dlKry2bJmXBUEkdFg==
  dependencies:
    regenerator-runtime "^0.13.10"

"@mysten/bcs@0.7.1":
  version "0.7.1"
  resolved "https://registry.yarnpkg.com/@mysten/bcs/-/bcs-0.7.1.tgz#e8db25718143e2a15688ea858470970b743f7248"
  integrity sha512-wFPb8bkhwrbiStfZMV5rFM7J+umpke59/dNjDp+UYJKykNlW23LCk2ePyEUvGdb62HGJM1jyOJ8g4egE3OmdKA==
  dependencies:
    bs58 "^5.0.0"

"@mysten/sui.js@0.33.0":
  version "0.33.0"
  resolved "https://registry.yarnpkg.com/@mysten/sui.js/-/sui.js-0.33.0.tgz#3ed0831d733fffb65430c3949fd00eaa7510e462"
  integrity sha512-vPswzowPoxYmexN+jKrSQ5uKWv8AoX30c11t8VAODCCXeCziq7Y27TEcYFsQmWJBIMU/hYw75kGj9oorJyXyKw==
  dependencies:
    "@mysten/bcs" "0.7.1"
    "@noble/curves" "^1.0.0"
    "@noble/hashes" "^1.3.0"
    "@scure/bip32" "^1.3.0"
    "@scure/bip39" "^1.2.0"
    "@suchipi/femver" "^1.0.0"
    jayson "^4.0.0"
    rpc-websockets "^7.5.1"
    superstruct "^1.0.3"
    tweetnacl "^1.0.3"

"@mysten/wallet-standard@^0.5.5":
  version "0.5.5"
  resolved "https://registry.yarnpkg.com/@mysten/wallet-standard/-/wallet-standard-0.5.5.tgz#8788f92d4ffade95af1dad4ae77adbb1612a5ab9"
  integrity sha512-Tt34zmvAWz37lOqwj0eneekcXRQSLWkd7FVKTta08H9bD5P5kAXNInpl7KBoobtdMSQdHJyJJvHirfM6hwiPDw==
  dependencies:
    "@mysten/sui.js" "0.33.0"
    "@wallet-standard/core" "1.0.3"

"@noble/curves@^1.0.0", "@noble/curves@~1.0.0":
  version "1.0.0"
  resolved "https://registry.yarnpkg.com/@noble/curves/-/curves-1.0.0.tgz#e40be8c7daf088aaf291887cbc73f43464a92932"
  integrity sha512-2upgEu0iLiDVDZkNLeFV2+ht0BAVgQnEmCk6JsOch9Rp8xfkMCbvbAZlA2pBHQc73dbl+vFOXfqkf4uemdn0bw==
  dependencies:
    "@noble/hashes" "1.3.0"

"@noble/hashes@1.3.0", "@noble/hashes@^1.3.0", "@noble/hashes@~1.3.0":
  version "1.3.0"
  resolved "https://registry.yarnpkg.com/@noble/hashes/-/hashes-1.3.0.tgz#085fd70f6d7d9d109671090ccae1d3bec62554a1"
  integrity sha512-ilHEACi9DwqJB0pw7kv+Apvh50jiiSyR/cQ3y4W7lOR5mhvn/50FLUfsnfJz0BDZtl/RR16kXvptiv6q1msYZg==

"@onekeyfe/cross-inpage-provider-core@1.1.27":
  version "1.1.27"
  resolved "https://registry.yarnpkg.com/@onekeyfe/cross-inpage-provider-core/-/cross-inpage-provider-core-1.1.27.tgz#b2855448c8a794c62bd34af1d8c37de46c20199d"
  integrity sha512-KMQoFe2P3xABDmd8ic+yc54GP99toCgtrBxywOTWYFfBcu7MaVkVT9d2J8NIobQXnftR2wp3lswFBwO8b0ZFVA==
  dependencies:
    "@onekeyfe/cross-inpage-provider-errors" "1.1.27"
    "@onekeyfe/cross-inpage-provider-events" "1.1.27"
    "@onekeyfe/cross-inpage-provider-types" "1.1.27"
    events "^3.3.0"
    lodash "^4.17.21"
    ms "^2.1.3"

"@onekeyfe/cross-inpage-provider-errors@1.1.27":
  version "1.1.27"
  resolved "https://registry.yarnpkg.com/@onekeyfe/cross-inpage-provider-errors/-/cross-inpage-provider-errors-1.1.27.tgz#5d64f2b3a0de1bda99dc6d29b96c84bbafc0d538"
  integrity sha512-8rYwFqEHDuS/IOHgPr7Nd1EOy4x8EJPQ5GliDDSKR/zJ0LO0TFe0UBUOt9yfVobSVhcBLixOMaPJCbuPXhQPDA==
  dependencies:
    fast-safe-stringify "^2.1.1"

"@onekeyfe/cross-inpage-provider-events@1.1.27":
  version "1.1.27"
  resolved "https://registry.yarnpkg.com/@onekeyfe/cross-inpage-provider-events/-/cross-inpage-provider-events-1.1.27.tgz#6ff57fc3f7e70fd549a31c94b7ac954eef2c0d58"
  integrity sha512-AUWbxxjy7QR24JjB/utK1rBbwdNlaqGvKv45QPxUkPQAgiCfD3icXrE3j9mOGXcJDsAEHBkFifEbw5i8gDiuJQ==

"@onekeyfe/cross-inpage-provider-types@1.1.27":
  version "1.1.27"
  resolved "https://registry.yarnpkg.com/@onekeyfe/cross-inpage-provider-types/-/cross-inpage-provider-types-1.1.27.tgz#e32ac7d06bd82a91ec6647a040c4d7318587ec5e"
  integrity sha512-vfBaY7wD7xquGBzlLdZa8G1vNDUiGtrNVlxia1ZhfkkVxXnb8PGGbspIXwlTxZUiS+lc3B0hzRKBcvh55twYww==

"@onekeyfe/extension-bridge-injected@1.1.27":
  version "1.1.27"
  resolved "https://registry.yarnpkg.com/@onekeyfe/extension-bridge-injected/-/extension-bridge-injected-1.1.27.tgz#9ab80e795646e8d9ad7e193ee39daed348b745ee"
  integrity sha512-VqUfidP0V/aPKD3ThKD5A/Kd8AiBuFKh3DnBYi9KtuvEqTKvlfiH1c6811aNnQExHdLjo9vggE6rtng0J2gUdg==
  dependencies:
    "@onekeyfe/cross-inpage-provider-core" "1.1.27"
    "@onekeyfe/cross-inpage-provider-types" "1.1.27"

"@scure/base@~1.1.0":
  version "1.1.1"
  resolved "https://registry.npmjs.org/@scure/base/-/base-1.1.1.tgz"
  integrity sha512-ZxOhsSyxYwLJj3pLZCefNitxsj093tb2vq90mp2txoYeBqbcjDjqFhyM8eUjq/uFm6zJ+mUuqxlS2FkuSY1MTA==

"@scure/bip32@^1.3.0":
  version "1.3.0"
  resolved "https://registry.yarnpkg.com/@scure/bip32/-/bip32-1.3.0.tgz#6c8d980ef3f290987736acd0ee2e0f0d50068d87"
  integrity sha512-bcKpo1oj54hGholplGLpqPHRbIsnbixFtc06nwuNM5/dwSXOq/AAYoIBRsBmnZJSdfeNW5rnff7NTAz3ZCqR9Q==
  dependencies:
    "@noble/curves" "~1.0.0"
    "@noble/hashes" "~1.3.0"
    "@scure/base" "~1.1.0"

"@scure/bip39@^1.2.0":
  version "1.2.0"
  resolved "https://registry.yarnpkg.com/@scure/bip39/-/bip39-1.2.0.tgz#a207e2ef96de354de7d0002292ba1503538fc77b"
  integrity sha512-SX/uKq52cuxm4YFXWFaVByaSHJh2w3BnokVSeUJVCv6K7WulT9u2BuNRBhuFl8vAuYnzx9bEu9WgpcNYTrYieg==
  dependencies:
    "@noble/hashes" "~1.3.0"
    "@scure/base" "~1.1.0"

"@suchipi/femver@^1.0.0":
  version "1.0.0"
  resolved "https://registry.yarnpkg.com/@suchipi/femver/-/femver-1.0.0.tgz#4909dcc069695e07bd23a64c4bfe411d11d9692f"
  integrity sha512-bprE8+K5V+DPX7q2e2K57ImqNBdfGHDIWaGI5xHxZoxbKOuQZn4wzPiUxOAHnsUr3w3xHrWXwN7gnG/iIuEMIg==

"@types/connect@^3.4.33":
  version "3.4.35"
  resolved "https://registry.npmjs.org/@types/connect/-/connect-3.4.35.tgz"
  integrity sha512-cdeYyv4KWoEgpBISTxWvqYsVy444DOqehiF3fM3ne10AmJ62RSyNkUnxMJXHQWRQQX2eR94m5y1IZyDwBjV9FQ==
  dependencies:
    "@types/node" "*"

"@types/node@*":
  version "18.11.9"
  resolved "https://registry.npmjs.org/@types/node/-/node-18.11.9.tgz"
  integrity sha512-CRpX21/kGdzjOpFsZSkcrXMGIBWMGNIHXXBVFSH+ggkftxg+XYP20TESbh+zFvFj3EQOl5byk0HTRn1IL6hbqg==

"@types/node@^12.12.54":
  version "12.20.55"
  resolved "https://registry.npmjs.org/@types/node/-/node-12.20.55.tgz"
  integrity sha512-J8xLz7q2OFulZ2cyGTLE1TbbZcjpno7FaN6zdJNrgAdrJ+DZzh/uFR6YrTb4C+nXakvud8Q4+rbhoIWlYQbUFQ==

"@types/ws@^7.4.4":
  version "7.4.7"
  resolved "https://registry.npmjs.org/@types/ws/-/ws-7.4.7.tgz"
  integrity sha512-JQbbmxZTZehdc2iszGKs5oC3NFnjeay7mtAWrdt7qNtAVK0g19muApzAy4bm9byz79xa2ZnO/BOBC2R8RC5Lww==
  dependencies:
    "@types/node" "*"

"@wallet-standard/app@^1.0.1":
  version "1.0.1"
  resolved "https://registry.yarnpkg.com/@wallet-standard/app/-/app-1.0.1.tgz#f83c3ae887f7fb52497a7b259bba734ae10a2994"
  integrity sha512-LnLYq2Vy2guTZ8GQKKSXQK3+FRGPil75XEdkZqE6fiLixJhZJoJa5hT7lXxwe0ykVTt9LEThdTbOpT7KadS26Q==
  dependencies:
    "@wallet-standard/base" "^1.0.1"

"@wallet-standard/base@^1.0.1":
  version "1.0.1"
  resolved "https://registry.npmjs.org/@wallet-standard/base/-/base-1.0.1.tgz"
  integrity sha512-1To3ekMfzhYxe0Yhkpri+Fedq0SYcfrOfJi3vbLjMwF2qiKPjTGLwZkf2C9ftdQmxES+hmxhBzTwF4KgcOwf8w==

"@wallet-standard/core@1.0.3":
  version "1.0.3"
  resolved "https://registry.yarnpkg.com/@wallet-standard/core/-/core-1.0.3.tgz#3b6743e207ca4e1e725ae20f1838b400fb0694ff"
  integrity sha512-Jb33IIjC1wM1HoKkYD7xQ6d6PZ8EmMZvyc8R7dFgX66n/xkvksVTW04g9yLvQXrLFbcIjHrCxW6TXMhvpsAAzg==
  dependencies:
    "@wallet-standard/app" "^1.0.1"
    "@wallet-standard/base" "^1.0.1"
    "@wallet-standard/features" "^1.0.3"
    "@wallet-standard/wallet" "^1.0.1"

"@wallet-standard/features@^1.0.3":
  version "1.0.3"
  resolved "https://registry.yarnpkg.com/@wallet-standard/features/-/features-1.0.3.tgz#c992876c5e4f7a0672f8869c4146c87e0dfe48c8"
  integrity sha512-m8475I6W5LTatTZuUz5JJNK42wFRgkJTB0I9tkruMwfqBF2UN2eomkYNVf9RbrsROelCRzSFmugqjKZBFaubsA==
  dependencies:
    "@wallet-standard/base" "^1.0.1"

"@wallet-standard/wallet@^1.0.1":
  version "1.0.1"
  resolved "https://registry.yarnpkg.com/@wallet-standard/wallet/-/wallet-1.0.1.tgz#95438941a2a1ee12a794444357b59d53e19b374c"
  integrity sha512-qkhJeuQU2afQTZ02yMZE5SFc91Fo3hyFjFkpQglHudENNyiSG0oUKcIjky8X32xVSaumgTZSQUAzpXnCTWHzKQ==
  dependencies:
    "@wallet-standard/base" "^1.0.1"

JSONStream@^1.3.5:
  version "1.3.5"
  resolved "https://registry.npmjs.org/JSONStream/-/JSONStream-1.3.5.tgz"
  integrity sha512-E+iruNOY8VV9s4JEbe1aNEm6MiszPRr/UfcHMz0TQh1BXSxHK+ASV1R6W4HpjBhSeS+54PIsAMCBmwD06LLsqQ==
  dependencies:
    jsonparse "^1.2.0"
    through ">=2.2.7 <3"

base-x@^4.0.0:
  version "4.0.0"
  resolved "https://registry.yarnpkg.com/base-x/-/base-x-4.0.0.tgz#d0e3b7753450c73f8ad2389b5c018a4af7b2224a"
  integrity sha512-FuwxlW4H5kh37X/oW59pwTzzTKRzfrrQwhmyspRM7swOEZcHtDZSCt45U6oKgtuFE+WYPblePMVIPR4RZrh/hw==

bs58@^5.0.0:
  version "5.0.0"
  resolved "https://registry.yarnpkg.com/bs58/-/bs58-5.0.0.tgz#865575b4d13c09ea2a84622df6c8cbeb54ffc279"
  integrity sha512-r+ihvQJvahgYT50JD05dyJNKlmmSlMoOGwn1lCcEzanPglg7TxYjioQUYehQ9mAR/+hOSd2jRc/Z2y5UxBymvQ==
  dependencies:
    base-x "^4.0.0"

bufferutil@^4.0.1:
  version "4.0.7"
  resolved "https://registry.npmjs.org/bufferutil/-/bufferutil-4.0.7.tgz"
  integrity sha512-kukuqc39WOHtdxtw4UScxF/WVnMFVSQVKhtx3AjZJzhd0RGZZldcrfSEbVsWWe6KNH253574cq5F+wpv0G9pJw==
  dependencies:
    node-gyp-build "^4.3.0"

commander@^2.20.3:
  version "2.20.3"
  resolved "https://registry.npmjs.org/commander/-/commander-2.20.3.tgz"
  integrity sha512-GpVkmM8vF2vQUkj2LvZmD35JxeJOLCwJ9cUkugyk2nuhbv3+mJvpLYYt+0+USMxE+oj+ey/lJEnhZw75x/OMcQ==

delay@^5.0.0:
  version "5.0.0"
  resolved "https://registry.npmjs.org/delay/-/delay-5.0.0.tgz"
  integrity sha512-ReEBKkIfe4ya47wlPYf/gu5ib6yUG0/Aez0JQZQz94kiWtRQvZIQbTiehsnwHvLSWJnQdhVeqYue7Id1dKr0qw==

es6-promise@^4.0.3:
  version "4.2.8"
  resolved "https://registry.npmjs.org/es6-promise/-/es6-promise-4.2.8.tgz"
  integrity sha512-HJDGx5daxeIvxdBxvG2cb9g4tEvwIk3i8+nhX0yGrYmZUzbkdg8QbDevheDB8gd0//uPj4c1EQua8Q+MViT0/w==

es6-promisify@^5.0.0:
  version "5.0.0"
  resolved "https://registry.npmjs.org/es6-promisify/-/es6-promisify-5.0.0.tgz"
  integrity sha512-C+d6UdsYDk0lMebHNR4S2NybQMMngAOnOwYBQjTOiv0MkoJMP0Myw2mgpDLBcpfCmRLxyFqYhS/CfOENq4SJhQ==
  dependencies:
    es6-promise "^4.0.3"

eth-rpc-errors@^4.0.3:
  version "4.0.3"
  resolved "https://registry.npmjs.org/eth-rpc-errors/-/eth-rpc-errors-4.0.3.tgz"
  integrity sha512-Z3ymjopaoft7JDoxZcEb3pwdGh7yiYMhOwm2doUt6ASXlMavpNlK6Cre0+IMl2VSGyEU9rkiperQhp5iRxn5Pg==
  dependencies:
    fast-safe-stringify "^2.0.6"

eventemitter3@^4.0.7:
  version "4.0.7"
  resolved "https://registry.npmjs.org/eventemitter3/-/eventemitter3-4.0.7.tgz"
  integrity sha512-8guHBZCwKnFhYdHr2ysuRWErTwhoN2X8XELRlrRwpmfeY2jjuUN4taQMsULKUVo1K4DvZl+0pgfyoysHxvmvEw==

events@^3.3.0:
  version "3.3.0"
  resolved "https://registry.yarnpkg.com/events/-/events-3.3.0.tgz#31a95ad0a924e2d2c419a813aeb2c4e878ea7400"
  integrity sha512-mQw+2fkQbALzQ7V0MY0IqdnXNOeTtP4r0lN9z7AAawCXgqea7bDii20AYrIBrFd/Hx0M2Ocz6S111CaFkUcb0Q==

eyes@^0.1.8:
  version "0.1.8"
  resolved "https://registry.npmjs.org/eyes/-/eyes-0.1.8.tgz"
  integrity sha512-GipyPsXO1anza0AOZdy69Im7hGFCNB7Y/NGjDlZGJ3GJJLtwNSb2vrzYrTYJRrRloVx7pl+bhUaTB8yiccPvFQ==

fast-safe-stringify@^2.0.6, fast-safe-stringify@^2.1.1:
  version "2.1.1"
  resolved "https://registry.yarnpkg.com/fast-safe-stringify/-/fast-safe-stringify-2.1.1.tgz#c406a83b6e70d9e35ce3b30a81141df30aeba884"
  integrity sha512-W+KJc2dmILlPplD/H4K9l9LcAHAfPtP6BY84uVLXQ6Evcz9Lcg33Y2z1IVblT6xdY54PXYVHEv+0Wpq8Io6zkA==

isomorphic-ws@^4.0.1:
  version "4.0.1"
  resolved "https://registry.npmjs.org/isomorphic-ws/-/isomorphic-ws-4.0.1.tgz"
  integrity sha512-BhBvN2MBpWTaSHdWRb/bwdZJ1WaehQ2L1KngkCkfLUGF0mAWAT1sQUQacEmQ0jXkFw/czDXPNQSL5u2/Krsz1w==

jayson@^4.0.0:
  version "4.0.0"
  resolved "https://registry.yarnpkg.com/jayson/-/jayson-4.0.0.tgz#145a0ced46f900934c9b307e1332bcb0c7dbdb17"
  integrity sha512-v2RNpDCMu45fnLzSk47vx7I+QUaOsox6f5X0CUlabAFwxoP+8MfAY0NQRFwOEYXIxm8Ih5y6OaEa5KYiQMkyAA==
  dependencies:
    "@types/connect" "^3.4.33"
    "@types/node" "^12.12.54"
    "@types/ws" "^7.4.4"
    JSONStream "^1.3.5"
    commander "^2.20.3"
    delay "^5.0.0"
    es6-promisify "^5.0.0"
    eyes "^0.1.8"
    isomorphic-ws "^4.0.1"
    json-stringify-safe "^5.0.1"
    uuid "^8.3.2"
    ws "^7.4.5"

json-stringify-safe@^5.0.1:
  version "5.0.1"
  resolved "https://registry.npmjs.org/json-stringify-safe/-/json-stringify-safe-5.0.1.tgz"
  integrity sha512-ZClg6AaYvamvYEE82d3Iyd3vSSIjQ+odgjaTzRuO3s7toCdFKczob2i0zCh7JE8kWn17yvAWhUVxvqGwUalsRA==

jsonparse@^1.2.0:
  version "1.3.1"
  resolved "https://registry.npmjs.org/jsonparse/-/jsonparse-1.3.1.tgz"
  integrity sha512-POQXvpdL69+CluYsillJ7SUhKvytYjW9vG/GKpnf+xP8UWgYEM/RaMzHHofbALDiKbbP1W8UEYmgGl39WkPZsg==

lodash@^4.17.21:
  version "4.17.21"
  resolved "https://registry.yarnpkg.com/lodash/-/lodash-4.17.21.tgz#679591c564c3bffaae8454cf0b3df370c3d6911c"
  integrity sha512-v2kDEe57lecTulaDIuNTPy3Ry4gLGJ6Z1O3vE1krgXZNrsQ+LFTGHVxVjcXPs17LhbZVGedAJv8XZ1tvj5FvSg==

mitt@^3.0.0:
  version "3.0.0"
  resolved "https://registry.yarnpkg.com/mitt/-/mitt-3.0.0.tgz#69ef9bd5c80ff6f57473e8d89326d01c414be0bd"
  integrity sha512-7dX2/10ITVyqh4aOSVI9gdape+t9l2/8QxHrFmUXu4EEUpdlxl6RudZUPZoc+zuY2hk1j7XxVroIVIan/pD/SQ==

ms@^2.1.3:
  version "2.1.3"
  resolved "https://registry.yarnpkg.com/ms/-/ms-2.1.3.tgz#574c8138ce1d2b5861f0b44579dbadd60c6615b2"
  integrity sha512-6FlzubTLZG3J2a/NVCAleEhjzq5oxgHyaCU9yYXvcLsvoVaHJq/s5xXI6/XXP6tz7R9xAOtHnSO/tXtF3WRTlA==

node-gyp-build@^4.3.0:
  version "4.5.0"
  resolved "https://registry.npmjs.org/node-gyp-build/-/node-gyp-build-4.5.0.tgz"
  integrity sha512-2iGbaQBV+ITgCz76ZEjmhUKAKVf7xfY1sRl4UiKQspfZMH2h06SyhNsnSVy50cwkFQDGLyif6m/6uFXHkOZ6rg==

regenerator-runtime@^0.13.10:
  version "0.13.11"
  resolved "https://registry.npmjs.org/regenerator-runtime/-/regenerator-runtime-0.13.11.tgz"
  integrity sha512-kY1AZVr2Ra+t+piVaJ4gxaFaReZVH40AKNo7UCX6W+dEwBo/2oZJzqfuN1qLq1oL45o56cPaTXELwrTh8Fpggg==

rpc-websockets@^7.5.1:
  version "7.5.1"
  resolved "https://registry.yarnpkg.com/rpc-websockets/-/rpc-websockets-7.5.1.tgz#e0a05d525a97e7efc31a0617f093a13a2e10c401"
  integrity sha512-kGFkeTsmd37pHPMaHIgN1LVKXMi0JD782v4Ds9ZKtLlwdTKjn+CxM9A9/gLT2LaOuEcEFGL98h1QWQtlOIdW0w==
  dependencies:
    "@babel/runtime" "^7.17.2"
    eventemitter3 "^4.0.7"
    uuid "^8.3.2"
    ws "^8.5.0"
  optionalDependencies:
    bufferutil "^4.0.1"
    utf-8-validate "^5.0.2"

superstruct@^1.0.3:
  version "1.0.3"
  resolved "https://registry.yarnpkg.com/superstruct/-/superstruct-1.0.3.tgz#de626a5b49c6641ff4d37da3c7598e7a87697046"
  integrity sha512-8iTn3oSS8nRGn+C2pgXSKPI3jmpm6FExNazNpjvqS6ZUJQCej3PUXEKM8NjHBOs54ExM+LPW/FBRhymrdcCiSg==

"through@>=2.2.7 <3":
  version "2.3.8"
  resolved "https://registry.npmjs.org/through/-/through-2.3.8.tgz"
  integrity sha512-w89qg7PI8wAdvX60bMDP+bFoD5Dvhm9oLheFp5O4a2QF0cSBGsBX4qZmadPMvVqlLJBBci+WqGGOAPvcDeNSVg==

tweetnacl@^1.0.3:
  version "1.0.3"
  resolved "https://registry.npmjs.org/tweetnacl/-/tweetnacl-1.0.3.tgz"
  integrity sha512-6rt+RN7aOi1nGMyC4Xa5DdYiukl2UWCbcJft7YhxReBGQD7OAM8Pbxw6YMo4r2diNEA8FEmu32YOn9rhaiE5yw==

utf-8-validate@^5.0.2:
  version "5.0.10"
  resolved "https://registry.npmjs.org/utf-8-validate/-/utf-8-validate-5.0.10.tgz"
  integrity sha512-Z6czzLq4u8fPOyx7TU6X3dvUZVvoJmxSQ+IcrlmagKhilxlhZgxPK6C5Jqbkw1IDUmFTM+cz9QDnnLTwDz/2gQ==
  dependencies:
    node-gyp-build "^4.3.0"

uuid@^8.3.2:
  version "8.3.2"
  resolved "https://registry.npmjs.org/uuid/-/uuid-8.3.2.tgz"
  integrity sha512-+NYs2QeMWy+GWFOEm9xnn6HCDp0l7QBD7ml8zLUmJ+93Q5NF0NocErnwkTkXVFNiX3/fpC6afS8Dhb/gz7R7eg==

ws@^7.4.5:
  version "7.5.9"
  resolved "https://registry.npmjs.org/ws/-/ws-7.5.9.tgz"
  integrity sha512-F+P9Jil7UiSKSkppIiD94dN07AwvFixvLIj1Og1Rl9GGMuNipJnV9JzjD6XuqmAeiswGvUmNLjr5cFuXwNS77Q==

ws@^8.5.0:
  version "8.11.0"
  resolved "https://registry.npmjs.org/ws/-/ws-8.11.0.tgz"
  integrity sha512-HPG3wQd9sNQoT9xHyNCXoDUa+Xw/VevmY9FoHyQ+g+rrMn4j6FB4np7Z0OhdTgjx6MgQLK7jwSy1YecU1+4Asg==
