# THIS IS AN AUTOGENERATED FILE. DO NOT EDIT THIS FILE DIRECTLY.
# yarn lockfile v1


"@playwright/test@^1.49.1":
  version "1.49.1"
  resolved "https://registry.yarnpkg.com/@playwright/test/-/test-1.49.1.tgz#55fa360658b3187bfb6371e2f8a64f50ef80c827"
  integrity sha512-Ky+BVzPz8pL6PQxHqNRW1k3mIyv933LML7HktS8uik0bUXNCdPhoS/kLihiO1tMf/egaJb4IutXd7UywvXEW+g==
  dependencies:
    playwright "1.49.1"

"@types/lodash-es@^4.17.12":
  version "4.17.12"
  resolved "https://registry.yarnpkg.com/@types/lodash-es/-/lodash-es-4.17.12.tgz#65f6d1e5f80539aa7cfbfc962de5def0cf4f341b"
  integrity sha512-0NgftHUcV4v34VhXm8QBSftKVXtbkBG3ViCjs6+eJ5a6y6Mi/jiFGPc1sC7QK+9BFhWrURE3EOggmWaSxL9OzQ==
  dependencies:
    "@types/lodash" "*"

"@types/lodash@*":
  version "4.17.13"
  resolved "https://registry.yarnpkg.com/@types/lodash/-/lodash-4.17.13.tgz#786e2d67cfd95e32862143abe7463a7f90c300eb"
  integrity sha512-lfx+dftrEZcdBPczf9d0Qv0x+j/rfNCMuC6OcfXmO8gkfeNAY88PgKUbvG56whcN23gc27yenwF6oJZXGFpYxg==

"@types/node@^20.12.7":
  version "20.17.10"
  resolved "https://registry.yarnpkg.com/@types/node/-/node-20.17.10.tgz#3f7166190aece19a0d1d364d75c8b0b5778c1e18"
  integrity sha512-/jrvh5h6NXhEauFFexRin69nA0uHJ5gwk4iDivp/DeoEua3uwCUto6PC86IpRITBOs4+6i2I56K5x5b6WYGXHA==
  dependencies:
    undici-types "~6.19.2"

fsevents@2.3.2:
  version "2.3.2"
  resolved "https://registry.yarnpkg.com/fsevents/-/fsevents-2.3.2.tgz#8a526f78b8fdf4623b709e0b975c52c24c02fd1a"
  integrity sha512-xiqMQR4xAeHTuB9uWm+fFRcIOgKBMiOBP+eXiyT7jsgVCq1bkVygt00oASowB7EdtpOHaaPgKt812P9ab+DDKA==

lodash-es@^4.17.21:
  version "4.17.21"
  resolved "https://registry.yarnpkg.com/lodash-es/-/lodash-es-4.17.21.tgz#43e626c46e6591b7750beb2b50117390c609e3ee"
  integrity sha512-mKnC+QJ9pWVzv+C4/U3rRsHapFfHvQFoFB92e52xeyGMcX6/OlIl78je1u8vePzYZSkkogMPJ2yjxxsb89cxyw==

playwright-core@1.49.1:
  version "1.49.1"
  resolved "https://registry.yarnpkg.com/playwright-core/-/playwright-core-1.49.1.tgz#32c62f046e950f586ff9e35ed490a424f2248015"
  integrity sha512-BzmpVcs4kE2CH15rWfzpjzVGhWERJfmnXmniSyKeRZUs9Ws65m+RGIi7mjJK/euCegfn3i7jvqWeWyHe9y3Vgg==

playwright@1.49.1, playwright@^1.49.1:
  version "1.49.1"
  resolved "https://registry.yarnpkg.com/playwright/-/playwright-1.49.1.tgz#830266dbca3008022afa7b4783565db9944ded7c"
  integrity sha512-VYL8zLoNTBxVOrJBbDuRgDWa3i+mfQgDTrL8Ah9QXZ7ax4Dsj0MSq5bYgytRnDVVe+njoKnfsYkH3HzqVj5UZA==
  dependencies:
    playwright-core "1.49.1"
  optionalDependencies:
    fsevents "2.3.2"

undici-types@~6.19.2:
  version "6.19.8"
  resolved "https://registry.yarnpkg.com/undici-types/-/undici-types-6.19.8.tgz#35111c9d1437ab83a7cdc0abae2f26d88eda0a02"
  integrity sha512-ve2KP6f/JnbPBFyobGHuerC9g1FYGn/F8n1LWTwNxCEzd6IfqTwUQcNXgEtmmQ6DlRrC1hrSrBnCZPokRrDHjw==
