# THIS IS AN AUTOGENERATED FILE. DO NOT EDIT THIS FILE DIRECTLY.
# yarn lockfile v1


"@onekeyfe/cross-inpage-provider-core@1.1.11":
  version "1.1.11"
  resolved "https://registry.yarnpkg.com/@onekeyfe/cross-inpage-provider-core/-/cross-inpage-provider-core-1.1.11.tgz#7c9d425aff46471b127457c19654f7a292e3ada5"
  integrity sha512-leFpMF/B7L95C1n+qHWXIkKHXPW7TfE92N2/5DAAsAUQTI5WT5OAc1+t2baHdck6k7gFz40T8xubQUYpXTemCw==
  dependencies:
    "@onekeyfe/cross-inpage-provider-errors" "1.1.11"
    "@onekeyfe/cross-inpage-provider-events" "1.1.11"
    "@onekeyfe/cross-inpage-provider-types" "1.1.11"
    events "^3.3.0"
    lodash "^4.17.21"
    ms "^2.1.3"

"@onekeyfe/cross-inpage-provider-errors@1.1.11":
  version "1.1.11"
  resolved "https://registry.yarnpkg.com/@onekeyfe/cross-inpage-provider-errors/-/cross-inpage-provider-errors-1.1.11.tgz#aa12ea11a657db136fbbba486fce569f42ba0313"
  integrity sha512-bHxIShIxqZeicwSd5idNN07ak+RP3pFq+TXWDm9NghWGOhzip6/msryR3MDjRVyQpK9mCD3HXwpyAAx9qPERMA==
  dependencies:
    fast-safe-stringify "^2.1.1"

"@onekeyfe/cross-inpage-provider-events@1.1.11":
  version "1.1.11"
  resolved "https://registry.yarnpkg.com/@onekeyfe/cross-inpage-provider-events/-/cross-inpage-provider-events-1.1.11.tgz#e014608d4bd7d1211eb8cdbf485526255baf8970"
  integrity sha512-b3dLQpHzy2FdVSETPF0hNFbSOoKaskLbbaFzE9GbxCLEZZRrkjBSd9poTVqx+Js4AZmbLyaOG2kO0oQUZmn2TA==

"@onekeyfe/cross-inpage-provider-types@1.1.11":
  version "1.1.11"
  resolved "https://registry.yarnpkg.com/@onekeyfe/cross-inpage-provider-types/-/cross-inpage-provider-types-1.1.11.tgz#621f8b180bb475d43f591477f622b81fea977cad"
  integrity sha512-VAJ/hOQqXZr0bq5yCFQaDlDoW5UdjIt41VEDIszDoY/yqCG4priOdDFklAu/Mv8aLvPzHxB5jaJiLFTZ8r7lSA==

"@onekeyfe/extension-bridge-injected@1.1.11":
  version "1.1.11"
  resolved "https://registry.yarnpkg.com/@onekeyfe/extension-bridge-injected/-/extension-bridge-injected-1.1.11.tgz#7540ba773742c41ada0465fe9a0e45a42f11b577"
  integrity sha512-7PzpSDNc/RKKyM+DhC7mE+Uhd//P5Iu/9zW6Djxn5wVjmSh8egRJSV48bKoSbrAhHhXu/fJKuLiNnatp9+qyfQ==
  dependencies:
    "@onekeyfe/cross-inpage-provider-core" "1.1.11"
    "@onekeyfe/cross-inpage-provider-types" "1.1.11"

events@^3.3.0:
  version "3.3.0"
  resolved "https://registry.yarnpkg.com/events/-/events-3.3.0.tgz#31a95ad0a924e2d2c419a813aeb2c4e878ea7400"
  integrity sha512-mQw+2fkQbALzQ7V0MY0IqdnXNOeTtP4r0lN9z7AAawCXgqea7bDii20AYrIBrFd/Hx0M2Ocz6S111CaFkUcb0Q==

fast-safe-stringify@^2.1.1:
  version "2.1.1"
  resolved "https://registry.yarnpkg.com/fast-safe-stringify/-/fast-safe-stringify-2.1.1.tgz#c406a83b6e70d9e35ce3b30a81141df30aeba884"
  integrity sha512-W+KJc2dmILlPplD/H4K9l9LcAHAfPtP6BY84uVLXQ6Evcz9Lcg33Y2z1IVblT6xdY54PXYVHEv+0Wpq8Io6zkA==

lodash@^4.17.21:
  version "4.17.21"
  resolved "https://registry.yarnpkg.com/lodash/-/lodash-4.17.21.tgz#679591c564c3bffaae8454cf0b3df370c3d6911c"
  integrity sha512-v2kDEe57lecTulaDIuNTPy3Ry4gLGJ6Z1O3vE1krgXZNrsQ+LFTGHVxVjcXPs17LhbZVGedAJv8XZ1tvj5FvSg==

ms@^2.1.3:
  version "2.1.3"
  resolved "https://registry.yarnpkg.com/ms/-/ms-2.1.3.tgz#574c8138ce1d2b5861f0b44579dbadd60c6615b2"
  integrity sha512-6FlzubTLZG3J2a/NVCAleEhjzq5oxgHyaCU9yYXvcLsvoVaHJq/s5xXI6/XXP6tz7R9xAOtHnSO/tXtF3WRTlA==
