# THIS IS AN AUTOGENERATED FILE. DO NOT EDIT THIS FILE DIRECTLY.
# yarn lockfile v1


"@onekeyfe/cross-inpage-provider-core@2.0.3":
  version "2.0.3"
  resolved "https://registry.yarnpkg.com/@onekeyfe/cross-inpage-provider-core/-/cross-inpage-provider-core-2.0.3.tgz#274deb0b06a85aec44b35ba2deb3b2c9fb7c3484"
  integrity sha512-eDzcQ1eBcWcbXGhNBp5J0kMmSL4YFuABdiAM9EuZ5B064eIvdArMGlR5vIO4lNmnsluPKtV0/rDAm2LxpBtLGw==
  dependencies:
    "@onekeyfe/cross-inpage-provider-errors" "2.0.3"
    "@onekeyfe/cross-inpage-provider-events" "2.0.3"
    "@onekeyfe/cross-inpage-provider-types" "2.0.3"
    events "^3.3.0"
    lodash-es "^4.17.21"
    ms "^2.1.3"

"@onekeyfe/cross-inpage-provider-errors@2.0.3":
  version "2.0.3"
  resolved "https://registry.yarnpkg.com/@onekeyfe/cross-inpage-provider-errors/-/cross-inpage-provider-errors-2.0.3.tgz#4d8281b72b2825282957318c0f0ad9808ba1426b"
  integrity sha512-EyuyVjewdnRTc+CHcGWJtg3qXWaylu/nW74+fEbuyrsNfptSH2oKZ23JprpRztW0uVux5YHpWtzCGrcqT/kccA==
  dependencies:
    fast-safe-stringify "^2.0.6"

"@onekeyfe/cross-inpage-provider-events@2.0.3":
  version "2.0.3"
  resolved "https://registry.yarnpkg.com/@onekeyfe/cross-inpage-provider-events/-/cross-inpage-provider-events-2.0.3.tgz#33fee11c0371b71958d9c91602c26bc647b0fb40"
  integrity sha512-MXl0DyPAGMKLtTwQtIKpNHu8/AK7ZwG03YDcA6aa+sFI13AxleGeFlro4EJIVAr/A46wOrmHE4sJ9hi1EMbQ4Q==

"@onekeyfe/cross-inpage-provider-types@2.0.3":
  version "2.0.3"
  resolved "https://registry.yarnpkg.com/@onekeyfe/cross-inpage-provider-types/-/cross-inpage-provider-types-2.0.3.tgz#71cf6cad55e5ee585f403b983ef2dd7356de3a5e"
  integrity sha512-Ylz+YAql2Sv8azEhQppL+UVyhtUIkhYNUKFSnOyt+iW1GnMwy31aIa3cb1mIpz+J3juuJoOIpLyDzDqORgHoJg==

"@onekeyfe/extension-bridge-injected@2.0.3":
  version "2.0.3"
  resolved "https://registry.yarnpkg.com/@onekeyfe/extension-bridge-injected/-/extension-bridge-injected-2.0.3.tgz#ac80e53464d23bbef7b1869e20b415c714315447"
  integrity sha512-ifRG4SvVHmk9zjrDP5nOrsv68FQ+2pSw0OIOmG4FIJoXLUGf+dLPdQj8NJB+0+OI9qGUKyf30B/Odi25h3quUA==
  dependencies:
    "@onekeyfe/cross-inpage-provider-core" "2.0.3"
    "@onekeyfe/cross-inpage-provider-types" "2.0.3"

events@^3.3.0:
  version "3.3.0"
  resolved "https://registry.yarnpkg.com/events/-/events-3.3.0.tgz#31a95ad0a924e2d2c419a813aeb2c4e878ea7400"
  integrity sha512-mQw+2fkQbALzQ7V0MY0IqdnXNOeTtP4r0lN9z7AAawCXgqea7bDii20AYrIBrFd/Hx0M2Ocz6S111CaFkUcb0Q==

fast-safe-stringify@^2.0.6:
  version "2.1.1"
  resolved "https://registry.yarnpkg.com/fast-safe-stringify/-/fast-safe-stringify-2.1.1.tgz#c406a83b6e70d9e35ce3b30a81141df30aeba884"
  integrity sha512-W+KJc2dmILlPplD/H4K9l9LcAHAfPtP6BY84uVLXQ6Evcz9Lcg33Y2z1IVblT6xdY54PXYVHEv+0Wpq8Io6zkA==

lodash-es@^4.17.21:
  version "4.17.21"
  resolved "https://registry.yarnpkg.com/lodash-es/-/lodash-es-4.17.21.tgz#43e626c46e6591b7750beb2b50117390c609e3ee"
  integrity sha512-mKnC+QJ9pWVzv+C4/U3rRsHapFfHvQFoFB92e52xeyGMcX6/OlIl78je1u8vePzYZSkkogMPJ2yjxxsb89cxyw==

ms@^2.1.3:
  version "2.1.3"
  resolved "https://registry.yarnpkg.com/ms/-/ms-2.1.3.tgz#574c8138ce1d2b5861f0b44579dbadd60c6615b2"
  integrity sha512-6FlzubTLZG3J2a/NVCAleEhjzq5oxgHyaCU9yYXvcLsvoVaHJq/s5xXI6/XXP6tz7R9xAOtHnSO/tXtF3WRTlA==
