# THIS IS AN AUTOGENERATED FILE. DO NOT EDIT THIS FILE DIRECTLY.
# yarn lockfile v1


"@tonconnect/protocol@^2.2.6":
  version "2.2.6"
  resolved "https://registry.yarnpkg.com/@tonconnect/protocol/-/protocol-2.2.6.tgz#24b3fbcde6003e65fb5840a190072db5378699db"
  integrity sha512-kyoDz5EqgsycYP+A+JbVsAUYHNT059BCrK+m0pqxykMODwpziuSAXfwAZmHcg8v7NB9VKYbdFY55xKeXOuEd0w==
  dependencies:
    tweetnacl "^1.0.3"
    tweetnacl-util "^0.15.1"

tweetnacl-util@^0.15.1:
  version "0.15.1"
  resolved "https://registry.yarnpkg.com/tweetnacl-util/-/tweetnacl-util-0.15.1.tgz#b80fcdb5c97bcc508be18c44a4be50f022eea00b"
  integrity sha512-RKJBIj8lySrShN4w6i/BonWp2Z/uxwC3h4y7xsRrpP59ZboCd0GpEVsOnMDYLMmKBpYhb5TgHzZXy7wTfYFBRw==

tweetnacl@^1.0.3:
  version "1.0.3"
  resolved "https://registry.yarnpkg.com/tweetnacl/-/tweetnacl-1.0.3.tgz#ac0af71680458d8a6378d0d0d050ab1407d35596"
  integrity sha512-6rt+RN7aOi1nGMyC4Xa5DdYiukl2UWCbcJft7YhxReBGQD7OAM8Pbxw6YMo4r2diNEA8FEmu32YOn9rhaiE5yw==
