# THIS IS AN AUTOGENERATED FILE. DO NOT EDIT THIS FILE DIRECTLY.
# yarn lockfile v1


"@noble/curves@1.0.0":
  version "1.0.0"
  resolved "https://registry.yarnpkg.com/@noble/curves/-/curves-1.0.0.tgz#e40be8c7daf088aaf291887cbc73f43464a92932"
  integrity sha512-2upgEu0iLiDVDZkNLeFV2+ht0BAVgQnEmCk6JsOch9Rp8xfkMCbvbAZlA2pBHQc73dbl+vFOXfqkf4uemdn0bw==
  dependencies:
    "@noble/hashes" "1.3.0"

"@noble/hashes@1.3.0":
  version "1.3.0"
  resolved "https://registry.yarnpkg.com/@noble/hashes/-/hashes-1.3.0.tgz#085fd70f6d7d9d109671090ccae1d3bec62554a1"
  integrity sha512-ilHEACi9DwqJB0pw7kv+Apvh50jiiSyR/cQ3y4W7lOR5mhvn/50FLUfsnfJz0BDZtl/RR16kXvptiv6q1msYZg==

"@noble/hashes@^1.1.4":
  version "1.1.4"
  resolved "https://registry.yarnpkg.com/@noble/hashes/-/hashes-1.1.4.tgz#2611ebf5764c1bf754da7c7794de4fb30512336d"
  integrity sha512-+PYsVPrTSqtVjatKt2A/Proukn2Yrz61OBThOCKErc5w2/r1Fh37vbDv0Eah7pyNltrmacjwTvdw3JoR+WE4TA==

"@onekeyfe/cross-inpage-provider-core@1.1.27":
  version "1.1.27"
  resolved "https://registry.yarnpkg.com/@onekeyfe/cross-inpage-provider-core/-/cross-inpage-provider-core-1.1.27.tgz#b2855448c8a794c62bd34af1d8c37de46c20199d"
  integrity sha512-KMQoFe2P3xABDmd8ic+yc54GP99toCgtrBxywOTWYFfBcu7MaVkVT9d2J8NIobQXnftR2wp3lswFBwO8b0ZFVA==
  dependencies:
    "@onekeyfe/cross-inpage-provider-errors" "1.1.27"
    "@onekeyfe/cross-inpage-provider-events" "1.1.27"
    "@onekeyfe/cross-inpage-provider-types" "1.1.27"
    events "^3.3.0"
    lodash "^4.17.21"
    ms "^2.1.3"

"@onekeyfe/cross-inpage-provider-errors@1.1.27":
  version "1.1.27"
  resolved "https://registry.yarnpkg.com/@onekeyfe/cross-inpage-provider-errors/-/cross-inpage-provider-errors-1.1.27.tgz#5d64f2b3a0de1bda99dc6d29b96c84bbafc0d538"
  integrity sha512-8rYwFqEHDuS/IOHgPr7Nd1EOy4x8EJPQ5GliDDSKR/zJ0LO0TFe0UBUOt9yfVobSVhcBLixOMaPJCbuPXhQPDA==
  dependencies:
    fast-safe-stringify "^2.1.1"

"@onekeyfe/cross-inpage-provider-events@1.1.27":
  version "1.1.27"
  resolved "https://registry.yarnpkg.com/@onekeyfe/cross-inpage-provider-events/-/cross-inpage-provider-events-1.1.27.tgz#6ff57fc3f7e70fd549a31c94b7ac954eef2c0d58"
  integrity sha512-AUWbxxjy7QR24JjB/utK1rBbwdNlaqGvKv45QPxUkPQAgiCfD3icXrE3j9mOGXcJDsAEHBkFifEbw5i8gDiuJQ==

"@onekeyfe/cross-inpage-provider-types@1.1.27":
  version "1.1.27"
  resolved "https://registry.yarnpkg.com/@onekeyfe/cross-inpage-provider-types/-/cross-inpage-provider-types-1.1.27.tgz#e32ac7d06bd82a91ec6647a040c4d7318587ec5e"
  integrity sha512-vfBaY7wD7xquGBzlLdZa8G1vNDUiGtrNVlxia1ZhfkkVxXnb8PGGbspIXwlTxZUiS+lc3B0hzRKBcvh55twYww==

"@onekeyfe/extension-bridge-injected@1.1.27":
  version "1.1.27"
  resolved "https://registry.yarnpkg.com/@onekeyfe/extension-bridge-injected/-/extension-bridge-injected-1.1.27.tgz#9ab80e795646e8d9ad7e193ee39daed348b745ee"
  integrity sha512-VqUfidP0V/aPKD3ThKD5A/Kd8AiBuFKh3DnBYi9KtuvEqTKvlfiH1c6811aNnQExHdLjo9vggE6rtng0J2gUdg==
  dependencies:
    "@onekeyfe/cross-inpage-provider-core" "1.1.27"
    "@onekeyfe/cross-inpage-provider-types" "1.1.27"

"@polkadot/extension-inject@^0.46.2":
  version "0.46.2"
  resolved "https://registry.yarnpkg.com/@polkadot/extension-inject/-/extension-inject-0.46.2.tgz#6d6ee4eec1b362846baba9323163970733a0de4a"
  integrity sha512-zTQ0thTEiu2TzGiy9z2JKH/T0rr6/mP1m3M6H2ntYNUMbvu5kkG1M7WtgWr4W0GAYF6TmWRIJHsQFlFP1LgftQ==
  dependencies:
    "@polkadot/rpc-provider" "^10.5.1"
    "@polkadot/types" "^10.5.1"
    "@polkadot/util" "^12.1.1"
    "@polkadot/util-crypto" "^12.1.1"
    "@polkadot/x-global" "^12.1.1"
    tslib "^2.5.0"

"@polkadot/keyring@^12.1.2":
  version "12.1.2"
  resolved "https://registry.yarnpkg.com/@polkadot/keyring/-/keyring-12.1.2.tgz#1b274ace818c3a440c3310af7aa1d3551a7e6eed"
  integrity sha512-HskFoZwLwRWPthEQK50uOiOsbdIt0AY3gcrDmSS2ltkpUDY9qzlb/fAj0+QGtTrK36v5gHT8OD56Pd4l0FDMFw==
  dependencies:
    "@polkadot/util" "12.1.2"
    "@polkadot/util-crypto" "12.1.2"
    tslib "^2.5.0"

"@polkadot/networks@12.1.2":
  version "12.1.2"
  resolved "https://registry.yarnpkg.com/@polkadot/networks/-/networks-12.1.2.tgz#4631ec701f87f6a1805faaf24f0199ca50f36716"
  integrity sha512-9gC5GYGFKXHY4oQaMfYvLLxGJ55slT3V8Zc6uk96KKysEvpSMDXdPUAKZJ3SXN9Iz3KaEa9x6RD5ZEf5j6BJ6g==
  dependencies:
    "@polkadot/util" "12.1.2"
    "@substrate/ss58-registry" "^1.40.0"
    tslib "^2.5.0"

"@polkadot/rpc-provider@^10.5.1":
  version "10.6.1"
  resolved "https://registry.yarnpkg.com/@polkadot/rpc-provider/-/rpc-provider-10.6.1.tgz#e62e26a0b3bf36ddd3ac59703557b5f10775a79d"
  integrity sha512-4tkNgHQJ6/2HnK68kscgO5JhitWNwnQUPFIAhtkIjKec9mu9hzjRS8XzouvYoYO93Cfhf7fD0E5gF0akKLRBRg==
  dependencies:
    "@polkadot/keyring" "^12.1.2"
    "@polkadot/types" "10.6.1"
    "@polkadot/types-support" "10.6.1"
    "@polkadot/util" "^12.1.2"
    "@polkadot/util-crypto" "^12.1.2"
    "@polkadot/x-fetch" "^12.1.2"
    "@polkadot/x-global" "^12.1.2"
    "@polkadot/x-ws" "^12.1.2"
    eventemitter3 "^5.0.1"
    mock-socket "^9.2.1"
    nock "^13.3.1"
    tslib "^2.5.0"
  optionalDependencies:
    "@substrate/connect" "0.7.26"

"@polkadot/types-augment@10.6.1":
  version "10.6.1"
  resolved "https://registry.yarnpkg.com/@polkadot/types-augment/-/types-augment-10.6.1.tgz#3758069e05c9897d2869c3a001ecc2ee2786421f"
  integrity sha512-BUOIDHqqiS+NPJSBUTbeF/d3pGebLQPQU8BiN1dDMc9KQaOUVEkSX+0ZBUfOCIHB3AaqgQGL9qofObvdigQSuA==
  dependencies:
    "@polkadot/types" "10.6.1"
    "@polkadot/types-codec" "10.6.1"
    "@polkadot/util" "^12.1.2"
    tslib "^2.5.0"

"@polkadot/types-codec@10.6.1":
  version "10.6.1"
  resolved "https://registry.yarnpkg.com/@polkadot/types-codec/-/types-codec-10.6.1.tgz#764b61aa3d448ac2136b2507166e7b3c26e2df36"
  integrity sha512-4a4va5gb/L3Tc7902iGrf7Azf6YtUteaqf3qtCRbl8pFMNAu3ZVkfcrto09miwx6CgDEIQM9Zk7dzdPIFHJDQw==
  dependencies:
    "@polkadot/util" "^12.1.2"
    "@polkadot/x-bigint" "^12.1.2"
    tslib "^2.5.0"

"@polkadot/types-create@10.6.1":
  version "10.6.1"
  resolved "https://registry.yarnpkg.com/@polkadot/types-create/-/types-create-10.6.1.tgz#7b6a593ca1f33b25a896573e8cdb34ee0804d79b"
  integrity sha512-Wj7ohXlK68h5JwIDMS/GR/znlMjwNtt4MYye7qCVhcbCjPaqb6DtK/bhL8FdkufD6bKZWkwA+gb5uF1paoxLGQ==
  dependencies:
    "@polkadot/types-codec" "10.6.1"
    "@polkadot/util" "^12.1.2"
    tslib "^2.5.0"

"@polkadot/types-support@10.6.1":
  version "10.6.1"
  resolved "https://registry.yarnpkg.com/@polkadot/types-support/-/types-support-10.6.1.tgz#0bf7b12a4b1f1cbf3aa7e39b653f45eefebb5591"
  integrity sha512-nEMWzvuTZfeLxBs4FVdJZkuoO51DJYnSzPzNpoa1N7VOcteInR75rnkdHUbh4IF6AoKmc+yL7Uro8i66wRkQNg==
  dependencies:
    "@polkadot/util" "^12.1.2"
    tslib "^2.5.0"

"@polkadot/types@10.6.1", "@polkadot/types@^10.5.1":
  version "10.6.1"
  resolved "https://registry.yarnpkg.com/@polkadot/types/-/types-10.6.1.tgz#2e14c3e0ae462362331fc206a8371d9d7a486221"
  integrity sha512-ZRzFwX0Pd+djq8aRxbT03F5UooVdSF9vKDeDfoFLN4pvh5CT/J2/bYJXhdTnbg5o3QanVKekiVxEg0Zk80nWzw==
  dependencies:
    "@polkadot/keyring" "^12.1.2"
    "@polkadot/types-augment" "10.6.1"
    "@polkadot/types-codec" "10.6.1"
    "@polkadot/types-create" "10.6.1"
    "@polkadot/util" "^12.1.2"
    "@polkadot/util-crypto" "^12.1.2"
    rxjs "^7.8.1"
    tslib "^2.5.0"

"@polkadot/util-crypto@12.1.2", "@polkadot/util-crypto@^12.1.1", "@polkadot/util-crypto@^12.1.2":
  version "12.1.2"
  resolved "https://registry.yarnpkg.com/@polkadot/util-crypto/-/util-crypto-12.1.2.tgz#7045c85a63316e2aa2cddf930e0b3c6228b539b8"
  integrity sha512-xV5P7auvs2Qck+HGGk2uaJWyujbJSFc+VDlM/giqM2xKgfmkRUTgGtcBuLLLZq5R1A9tGW5DUQg0VgVHYJaNvw==
  dependencies:
    "@noble/curves" "1.0.0"
    "@noble/hashes" "1.3.0"
    "@polkadot/networks" "12.1.2"
    "@polkadot/util" "12.1.2"
    "@polkadot/wasm-crypto" "^7.1.2"
    "@polkadot/wasm-util" "^7.1.2"
    "@polkadot/x-bigint" "12.1.2"
    "@polkadot/x-randomvalues" "12.1.2"
    "@scure/base" "1.1.1"
    tslib "^2.5.0"

"@polkadot/util@12.1.2", "@polkadot/util@^12.1.1", "@polkadot/util@^12.1.2":
  version "12.1.2"
  resolved "https://registry.yarnpkg.com/@polkadot/util/-/util-12.1.2.tgz#3d54895a5bb6a4d59eb1d745e191224d3f0ed0b1"
  integrity sha512-Da8q+0WVWSuMMS3hLAwnIid8FKRGLmwhD69jikye47zeEXCtvp4e/bjD0YbINNKHoeIRsApchJtqmbaEoxXjIQ==
  dependencies:
    "@polkadot/x-bigint" "12.1.2"
    "@polkadot/x-global" "12.1.2"
    "@polkadot/x-textdecoder" "12.1.2"
    "@polkadot/x-textencoder" "12.1.2"
    "@types/bn.js" "^5.1.1"
    bn.js "^5.2.1"
    tslib "^2.5.0"

"@polkadot/wasm-bridge@7.1.2":
  version "7.1.2"
  resolved "https://registry.yarnpkg.com/@polkadot/wasm-bridge/-/wasm-bridge-7.1.2.tgz#c8c2f3ac84b6f56be7cdb3f57347d3a45801341e"
  integrity sha512-6t8b1el/03b30ZFKVFYU5pQEx9OeDZ3GBndgZ5b6fMNFRoowFWTwx74HLqhXlQb+hOTjGJA70jHdxkplh1sO3A==
  dependencies:
    "@polkadot/wasm-util" "7.1.2"
    tslib "^2.5.0"

"@polkadot/wasm-crypto-asmjs@7.1.2":
  version "7.1.2"
  resolved "https://registry.yarnpkg.com/@polkadot/wasm-crypto-asmjs/-/wasm-crypto-asmjs-7.1.2.tgz#bde1ec84721dd2e5ad60c6d8af927e1f8be15007"
  integrity sha512-Gdb824MoeWjESv7fu57Dqpvmx7FR2zhM2Os34/H8s1LcZ8m5qUxvm22kjtq+6DRJlGo7KxpS0OA4xCbSDDe0rA==
  dependencies:
    tslib "^2.5.0"

"@polkadot/wasm-crypto-init@7.1.2":
  version "7.1.2"
  resolved "https://registry.yarnpkg.com/@polkadot/wasm-crypto-init/-/wasm-crypto-init-7.1.2.tgz#ed44b39502c3abe2b403de750975300c310a543d"
  integrity sha512-jqeK04MYofvCU7kFMJDoKUM9SjfDEBDizIxgurxAZZvF4jMOhgStZTLTr9QkKTOMTrMUE9PWRMzrnDM/Od3kzA==
  dependencies:
    "@polkadot/wasm-bridge" "7.1.2"
    "@polkadot/wasm-crypto-asmjs" "7.1.2"
    "@polkadot/wasm-crypto-wasm" "7.1.2"
    "@polkadot/wasm-util" "7.1.2"
    tslib "^2.5.0"

"@polkadot/wasm-crypto-wasm@7.1.2":
  version "7.1.2"
  resolved "https://registry.yarnpkg.com/@polkadot/wasm-crypto-wasm/-/wasm-crypto-wasm-7.1.2.tgz#16c36e7028f22817c2ec741dcb74be751e156594"
  integrity sha512-p2RBfXc43r6rXkFo811LboSfRQFpCgOC6+ByqMs/geTA/+/I4l2ajz95aL6cQ20AA3W5x/ZwHxhwvmJ0HBjJ6A==
  dependencies:
    "@polkadot/wasm-util" "7.1.2"
    tslib "^2.5.0"

"@polkadot/wasm-crypto@^7.1.2":
  version "7.1.2"
  resolved "https://registry.yarnpkg.com/@polkadot/wasm-crypto/-/wasm-crypto-7.1.2.tgz#35e0b9243ee88f044925e681d729146373add40a"
  integrity sha512-DO5Xf5nA2mSVdWnRM+PLAVE/wcg9vZAQkSHHSE+/qDmDVCQYygksHOA8ecRvn8nGfMNZQ0rmlIlsgyvAEtX1pw==
  dependencies:
    "@polkadot/wasm-bridge" "7.1.2"
    "@polkadot/wasm-crypto-asmjs" "7.1.2"
    "@polkadot/wasm-crypto-init" "7.1.2"
    "@polkadot/wasm-crypto-wasm" "7.1.2"
    "@polkadot/wasm-util" "7.1.2"
    tslib "^2.5.0"

"@polkadot/wasm-util@7.1.2", "@polkadot/wasm-util@^7.1.2":
  version "7.1.2"
  resolved "https://registry.yarnpkg.com/@polkadot/wasm-util/-/wasm-util-7.1.2.tgz#71ee1d55d0c3d55ceef2ee762c02eda5395a759a"
  integrity sha512-lHQJFG0iotgmUovXYcw/HM3QhGxtze6ozAgRMd0/maTQjYwbV/7z1NzEle9fBwxX6GijTnpWc1vzW+YU0O1lLw==
  dependencies:
    tslib "^2.5.0"

"@polkadot/x-bigint@12.1.2", "@polkadot/x-bigint@^12.1.2":
  version "12.1.2"
  resolved "https://registry.yarnpkg.com/@polkadot/x-bigint/-/x-bigint-12.1.2.tgz#c735dd71a5e6a4dbb8075288ad6dddbfbab45a05"
  integrity sha512-KU7C8HlJ2kO6Igg2Jq2Q/eAdll3HuVoylYcyVQxevcrC2fXhC2PDIEa+iWHBPz40p2TvI9sBZKrCsDDGz9K6sw==
  dependencies:
    "@polkadot/x-global" "12.1.2"
    tslib "^2.5.0"

"@polkadot/x-fetch@^12.1.2":
  version "12.1.2"
  resolved "https://registry.yarnpkg.com/@polkadot/x-fetch/-/x-fetch-12.1.2.tgz#095673de3ab6bed0c790e496fba3f549fa56fe4d"
  integrity sha512-X+MY1UT25Xcvp6iUQOdmukOle1KsKaAblEhl+CrDfXGwM90wDLc5U3TZzddrKnQRcIgcNDyn9gRlHGQkZEbL9Q==
  dependencies:
    "@polkadot/x-global" "12.1.2"
    node-fetch "^3.3.1"
    tslib "^2.5.0"

"@polkadot/x-global@12.1.2", "@polkadot/x-global@^12.1.1", "@polkadot/x-global@^12.1.2":
  version "12.1.2"
  resolved "https://registry.yarnpkg.com/@polkadot/x-global/-/x-global-12.1.2.tgz#e887f0e82f2d7c075aae4309bf09830e99ba742d"
  integrity sha512-WGwPQN27hpwhVOQGUizJfmNJRxkijMwECMPUAYtSSgJhkV5MwWeFuVebfUjgHceakEvDRQWzEX6JjV6TttnPZw==
  dependencies:
    tslib "^2.5.0"

"@polkadot/x-randomvalues@12.1.2":
  version "12.1.2"
  resolved "https://registry.yarnpkg.com/@polkadot/x-randomvalues/-/x-randomvalues-12.1.2.tgz#dd043046c9c8e3fc1e6948b84b5517cb8a7b05ee"
  integrity sha512-Jqwftgl+t8egG5miwI3f+MUNp3GIJUxZ0mcYbGDc3dY8LueY3yhKs94MQF/S6h8XPpRFI5/8mUZnmMgmNXsX6Q==
  dependencies:
    "@polkadot/x-global" "12.1.2"
    tslib "^2.5.0"

"@polkadot/x-textdecoder@12.1.2":
  version "12.1.2"
  resolved "https://registry.yarnpkg.com/@polkadot/x-textdecoder/-/x-textdecoder-12.1.2.tgz#35d5fc7312aa48d1f2002a594545b2938333c8d6"
  integrity sha512-O5ygxEHdPCIQVzH7T+xVALBfCwrT5tVms7Yjp6EMT697A9gpD3U2aPr4YinsQO6JFwYpQNzvm2wjW+7EEzYitw==
  dependencies:
    "@polkadot/x-global" "12.1.2"
    tslib "^2.5.0"

"@polkadot/x-textencoder@12.1.2":
  version "12.1.2"
  resolved "https://registry.yarnpkg.com/@polkadot/x-textencoder/-/x-textencoder-12.1.2.tgz#4259a7bc74d53c40e2deab752bad40d479f4a99b"
  integrity sha512-N+9HIXT0eUQbfg/SfGrNRK8aLFpd2QngJzTxo8CljpjCvQ2ddqzBVFA8o/lKTaXVzX84EmPDzjIV+yJlOXnglA==
  dependencies:
    "@polkadot/x-global" "12.1.2"
    tslib "^2.5.0"

"@polkadot/x-ws@^12.1.2":
  version "12.1.2"
  resolved "https://registry.yarnpkg.com/@polkadot/x-ws/-/x-ws-12.1.2.tgz#cdde7e53292a55063a7286fb4079f1b86233542d"
  integrity sha512-xmwBtn0WIstrviNuLNladsVHXUWeh4/HHAuCCeTp5Rld+8pJ6D1snhl+qvicmm4t1Si9mpb6y4yfnWFm5fLHVA==
  dependencies:
    "@polkadot/x-global" "12.1.2"
    tslib "^2.5.0"
    ws "^8.13.0"

"@scure/base@1.1.1":
  version "1.1.1"
  resolved "https://registry.yarnpkg.com/@scure/base/-/base-1.1.1.tgz#ebb651ee52ff84f420097055f4bf46cfba403938"
  integrity sha512-ZxOhsSyxYwLJj3pLZCefNitxsj093tb2vq90mp2txoYeBqbcjDjqFhyM8eUjq/uFm6zJ+mUuqxlS2FkuSY1MTA==

"@substrate/connect-extension-protocol@^1.0.1":
  version "1.0.1"
  resolved "https://registry.yarnpkg.com/@substrate/connect-extension-protocol/-/connect-extension-protocol-1.0.1.tgz#fa5738039586c648013caa6a0c95c43265dbe77d"
  integrity sha512-161JhCC1csjH3GE5mPLEd7HbWtwNSPJBg3p1Ksz9SFlTzj/bgEwudiRN2y5i0MoLGCIJRYKyKGMxVnd29PzNjg==

"@substrate/connect@0.7.26":
  version "0.7.26"
  resolved "https://registry.yarnpkg.com/@substrate/connect/-/connect-0.7.26.tgz#a0ee5180c9cb2f29250d1219a32f7b7e7dea1196"
  integrity sha512-uuGSiroGuKWj1+38n1kY5HReer5iL9bRwPCzuoLtqAOmI1fGI0hsSI2LlNQMAbfRgr7VRHXOk5MTuQf5ulsFRw==
  dependencies:
    "@substrate/connect-extension-protocol" "^1.0.1"
    eventemitter3 "^4.0.7"
    smoldot "1.0.4"

"@substrate/ss58-registry@^1.40.0":
  version "1.40.0"
  resolved "https://registry.yarnpkg.com/@substrate/ss58-registry/-/ss58-registry-1.40.0.tgz#2223409c496271df786c1ca8496898896595441e"
  integrity sha512-QuU2nBql3J4KCnOWtWDw4n1K4JU0T79j54ZZvm/9nhsX6AIar13FyhsaBfs6QkJ2ixTQAnd7TocJIoJRWbqMZA==

"@types/bn.js@^5.1.1":
  version "5.1.1"
  resolved "https://registry.yarnpkg.com/@types/bn.js/-/bn.js-5.1.1.tgz#b51e1b55920a4ca26e9285ff79936bbdec910682"
  integrity sha512-qNrYbZqMx0uJAfKnKclPh+dTwK33KfLHYqtyODwd5HnXOjnkhc4qgn3BrK6RWyGZm5+sIFE7Q7Vz6QQtJB7w7g==
  dependencies:
    "@types/node" "*"

"@types/node@*":
  version "18.11.18"
  resolved "https://registry.yarnpkg.com/@types/node/-/node-18.11.18.tgz#8dfb97f0da23c2293e554c5a50d61ef134d7697f"
  integrity sha512-DHQpWGjyQKSHj3ebjFI/wRKcqQcdR+MoFBygntYOZytCqNfkd2ZC4ARDJ2DQqhjH5p85Nnd3jhUJIXrszFX/JA==

bn.js@^5.2.1:
  version "5.2.1"
  resolved "https://registry.yarnpkg.com/bn.js/-/bn.js-5.2.1.tgz#0bc527a6a0d18d0aa8d5b0538ce4a77dccfa7b70"
  integrity sha512-eXRvHzWyYPBuB4NBy0cmYQjGitUrtqwbvlzP3G6VFnNRbsZQIxQ10PbKKHt8gZ/HW/D/747aDl+QkDqg3KQLMQ==

data-uri-to-buffer@^4.0.0:
  version "4.0.0"
  resolved "https://registry.yarnpkg.com/data-uri-to-buffer/-/data-uri-to-buffer-4.0.0.tgz#b5db46aea50f6176428ac05b73be39a57701a64b"
  integrity sha512-Vr3mLBA8qWmcuschSLAOogKgQ/Jwxulv3RNE4FXnYWRGujzrRWQI4m12fQqRkwX06C0KanhLr4hK+GydchZsaA==

debug@^4.1.0:
  version "4.3.4"
  resolved "https://registry.yarnpkg.com/debug/-/debug-4.3.4.tgz#1319f6579357f2338d3337d2cdd4914bb5dcc865"
  integrity sha512-PRWFHuSU3eDtQJPvnNY7Jcket1j0t5OuOsFzPPzsekD52Zl8qUfFIPEiswXqIvHWGVHOgX+7G/vCNNhehwxfkQ==
  dependencies:
    ms "2.1.2"

eth-rpc-errors@^4.0.3:
  version "4.0.3"
  resolved "https://registry.npmjs.org/eth-rpc-errors/-/eth-rpc-errors-4.0.3.tgz"
  integrity sha512-Z3ymjopaoft7JDoxZcEb3pwdGh7yiYMhOwm2doUt6ASXlMavpNlK6Cre0+IMl2VSGyEU9rkiperQhp5iRxn5Pg==
  dependencies:
    fast-safe-stringify "^2.0.6"

eventemitter3@^4.0.7:
  version "4.0.7"
  resolved "https://registry.yarnpkg.com/eventemitter3/-/eventemitter3-4.0.7.tgz#2de9b68f6528d5644ef5c59526a1b4a07306169f"
  integrity sha512-8guHBZCwKnFhYdHr2ysuRWErTwhoN2X8XELRlrRwpmfeY2jjuUN4taQMsULKUVo1K4DvZl+0pgfyoysHxvmvEw==

eventemitter3@^5.0.1:
  version "5.0.1"
  resolved "https://registry.yarnpkg.com/eventemitter3/-/eventemitter3-5.0.1.tgz#53f5ffd0a492ac800721bb42c66b841de96423c4"
  integrity sha512-GWkBvjiSZK87ELrYOSESUYeVIc9mvLLf/nXalMOS5dYrgZq9o5OVkbZAVM06CVxYsCwH9BDZFPlQTlPA1j4ahA==

events@^3.3.0:
  version "3.3.0"
  resolved "https://registry.yarnpkg.com/events/-/events-3.3.0.tgz#31a95ad0a924e2d2c419a813aeb2c4e878ea7400"
  integrity sha512-mQw+2fkQbALzQ7V0MY0IqdnXNOeTtP4r0lN9z7AAawCXgqea7bDii20AYrIBrFd/Hx0M2Ocz6S111CaFkUcb0Q==

fast-safe-stringify@^2.0.6, fast-safe-stringify@^2.1.1:
  version "2.1.1"
  resolved "https://registry.yarnpkg.com/fast-safe-stringify/-/fast-safe-stringify-2.1.1.tgz#c406a83b6e70d9e35ce3b30a81141df30aeba884"
  integrity sha512-W+KJc2dmILlPplD/H4K9l9LcAHAfPtP6BY84uVLXQ6Evcz9Lcg33Y2z1IVblT6xdY54PXYVHEv+0Wpq8Io6zkA==

fetch-blob@^3.1.2, fetch-blob@^3.1.4:
  version "3.2.0"
  resolved "https://registry.yarnpkg.com/fetch-blob/-/fetch-blob-3.2.0.tgz#f09b8d4bbd45adc6f0c20b7e787e793e309dcce9"
  integrity sha512-7yAQpD2UMJzLi1Dqv7qFYnPbaPx7ZfFK6PiIxQ4PfkGPyNyl2Ugx+a/umUonmKqjhM4DnfbMvdX6otXq83soQQ==
  dependencies:
    node-domexception "^1.0.0"
    web-streams-polyfill "^3.0.3"

formdata-polyfill@^4.0.10:
  version "4.0.10"
  resolved "https://registry.yarnpkg.com/formdata-polyfill/-/formdata-polyfill-4.0.10.tgz#24807c31c9d402e002ab3d8c720144ceb8848423"
  integrity sha512-buewHzMvYL29jdeQTVILecSaZKnt/RJWjoZCF5OW60Z67/GmSLBkOFM7qh1PI3zFNtJbaZL5eQu1vLfazOwj4g==
  dependencies:
    fetch-blob "^3.1.2"

json-stringify-safe@^5.0.1:
  version "5.0.1"
  resolved "https://registry.yarnpkg.com/json-stringify-safe/-/json-stringify-safe-5.0.1.tgz#1296a2d58fd45f19a0f6ce01d65701e2c735b6eb"
  integrity sha512-ZClg6AaYvamvYEE82d3Iyd3vSSIjQ+odgjaTzRuO3s7toCdFKczob2i0zCh7JE8kWn17yvAWhUVxvqGwUalsRA==

lodash@^4.17.21:
  version "4.17.21"
  resolved "https://registry.yarnpkg.com/lodash/-/lodash-4.17.21.tgz#679591c564c3bffaae8454cf0b3df370c3d6911c"
  integrity sha512-v2kDEe57lecTulaDIuNTPy3Ry4gLGJ6Z1O3vE1krgXZNrsQ+LFTGHVxVjcXPs17LhbZVGedAJv8XZ1tvj5FvSg==

long@^5.2.1:
  version "5.2.1"
  resolved "https://registry.yarnpkg.com/long/-/long-5.2.1.tgz#e27595d0083d103d2fa2c20c7699f8e0c92b897f"
  integrity sha512-GKSNGeNAtw8IryjjkhZxuKB3JzlcLTwjtiQCHKvqQet81I93kXslhDQruGI/QsddO83mcDToBVy7GqGS/zYf/A==

mitt@^3.0.0:
  version "3.0.0"
  resolved "https://registry.yarnpkg.com/mitt/-/mitt-3.0.0.tgz#69ef9bd5c80ff6f57473e8d89326d01c414be0bd"
  integrity sha512-7dX2/10ITVyqh4aOSVI9gdape+t9l2/8QxHrFmUXu4EEUpdlxl6RudZUPZoc+zuY2hk1j7XxVroIVIan/pD/SQ==

mock-socket@^9.2.1:
  version "9.2.1"
  resolved "https://registry.yarnpkg.com/mock-socket/-/mock-socket-9.2.1.tgz#cc9c0810aa4d0afe02d721dcb2b7e657c00e2282"
  integrity sha512-aw9F9T9G2zpGipLLhSNh6ZpgUyUl4frcVmRN08uE1NWPWg43Wx6+sGPDbQ7E5iFZZDJW5b5bypMeAEHqTbIFag==

ms@2.1.2:
  version "2.1.2"
  resolved "https://registry.yarnpkg.com/ms/-/ms-2.1.2.tgz#d09d1f357b443f493382a8eb3ccd183872ae6009"
  integrity sha512-sGkPx+VjMtmA6MX27oA4FBFELFCZZ4S4XqeGOXCv68tT+jb3vk/RyaKWP0PTKyWtmLSM0b+adUTEvbs1PEaH2w==

ms@^2.1.3:
  version "2.1.3"
  resolved "https://registry.yarnpkg.com/ms/-/ms-2.1.3.tgz#574c8138ce1d2b5861f0b44579dbadd60c6615b2"
  integrity sha512-6FlzubTLZG3J2a/NVCAleEhjzq5oxgHyaCU9yYXvcLsvoVaHJq/s5xXI6/XXP6tz7R9xAOtHnSO/tXtF3WRTlA==

nock@^13.3.1:
  version "13.3.1"
  resolved "https://registry.yarnpkg.com/nock/-/nock-13.3.1.tgz#f22d4d661f7a05ebd9368edae1b5dc0a62d758fc"
  integrity sha512-vHnopocZuI93p2ccivFyGuUfzjq2fxNyNurp7816mlT5V5HF4SzXu8lvLrVzBbNqzs+ODooZ6OksuSUNM7Njkw==
  dependencies:
    debug "^4.1.0"
    json-stringify-safe "^5.0.1"
    lodash "^4.17.21"
    propagate "^2.0.0"

node-domexception@^1.0.0:
  version "1.0.0"
  resolved "https://registry.yarnpkg.com/node-domexception/-/node-domexception-1.0.0.tgz#6888db46a1f71c0b76b3f7555016b63fe64766e5"
  integrity sha512-/jKZoMpw0F8GRwl4/eLROPA3cfcXtLApP0QzLmUT/HuPCZWyB7IY9ZrMeKw2O/nFIqPQB3PVM9aYm0F312AXDQ==

node-fetch@^3.3.1:
  version "3.3.1"
  resolved "https://registry.yarnpkg.com/node-fetch/-/node-fetch-3.3.1.tgz#b3eea7b54b3a48020e46f4f88b9c5a7430d20b2e"
  integrity sha512-cRVc/kyto/7E5shrWca1Wsea4y6tL9iYJE5FBCius3JQfb/4P4I295PfhgbJQBLTx6lATE4z+wK0rPM4VS2uow==
  dependencies:
    data-uri-to-buffer "^4.0.0"
    fetch-blob "^3.1.4"
    formdata-polyfill "^4.0.10"

pako@^2.0.4:
  version "2.1.0"
  resolved "https://registry.yarnpkg.com/pako/-/pako-2.1.0.tgz#266cc37f98c7d883545d11335c00fbd4062c9a86"
  integrity sha512-w+eufiZ1WuJYgPXbV/PO3NCMEc3xqylkKHzp8bxp1uW4qaSNQUkwmLLEc3kKsfz8lpV1F8Ht3U1Cm+9Srog2ug==

propagate@^2.0.0:
  version "2.0.1"
  resolved "https://registry.yarnpkg.com/propagate/-/propagate-2.0.1.tgz#40cdedab18085c792334e64f0ac17256d38f9a45"
  integrity sha512-vGrhOavPSTz4QVNuBNdcNXePNdNMaO1xj9yBeH1ScQPjk/rhg9sSlCXPhMkFuaNNW/syTvYqsnbIJxMBfRbbag==

rxjs@^7.8.1:
  version "7.8.1"
  resolved "https://registry.yarnpkg.com/rxjs/-/rxjs-7.8.1.tgz#6f6f3d99ea8044291efd92e7c7fcf562c4057543"
  integrity sha512-AA3TVj+0A2iuIoQkWEK/tqFjBq2j+6PO6Y0zJcvzLAFhEFIO3HL0vls9hWLncZbAAbK0mar7oZ4V079I/qPMxg==
  dependencies:
    tslib "^2.1.0"

smoldot@1.0.4:
  version "1.0.4"
  resolved "https://registry.yarnpkg.com/smoldot/-/smoldot-1.0.4.tgz#e4c38cedad68d699a11b5b9ce72bb75c891bfd98"
  integrity sha512-N3TazI1C4GGrseFH/piWyZCCCRJTRx2QhDfrUKRT4SzILlW5m8ayZ3QTKICcz1C/536T9cbHHJyP7afxI6Mi1A==
  dependencies:
    pako "^2.0.4"
    ws "^8.8.1"

tslib@^2.1.0:
  version "2.4.1"
  resolved "https://registry.yarnpkg.com/tslib/-/tslib-2.4.1.tgz#0d0bfbaac2880b91e22df0768e55be9753a5b17e"
  integrity sha512-tGyy4dAjRIEwI7BzsB0lynWgOpfqjUdq91XXAlIWD2OwKBH7oCl/GZG/HT4BOHrTlPMOASlMQ7veyTqpmRcrNA==

tslib@^2.5.0:
  version "2.5.0"
  resolved "https://registry.yarnpkg.com/tslib/-/tslib-2.5.0.tgz#42bfed86f5787aeb41d031866c8f402429e0fddf"
  integrity sha512-336iVw3rtn2BUK7ORdIAHTyxHGRIHVReokCR3XjbckJMK7ms8FysBfhLR8IXnAgy7T0PTPNBWKiH514FOW/WSg==

web-streams-polyfill@^3.0.3:
  version "3.2.1"
  resolved "https://registry.yarnpkg.com/web-streams-polyfill/-/web-streams-polyfill-3.2.1.tgz#71c2718c52b45fd49dbeee88634b3a60ceab42a6"
  integrity sha512-e0MO3wdXWKrLbL0DgGnUV7WHVuw9OUvL4hjgnPkIeEvESk74gAITi5G606JtZPp39cd8HA9VQzCIvA49LpPN5Q==

ws@^8.13.0:
  version "8.13.0"
  resolved "https://registry.yarnpkg.com/ws/-/ws-8.13.0.tgz#9a9fb92f93cf41512a0735c8f4dd09b8a1211cd0"
  integrity sha512-x9vcZYTrFPC7aSIbj7sRCYo7L/Xb8Iy+pW0ng0wt2vCJv7M9HOMy0UoN3rr+IFC7hb7vXoqS+P9ktyLLLhO+LA==

ws@^8.8.1:
  version "8.12.0"
  resolved "https://registry.yarnpkg.com/ws/-/ws-8.12.0.tgz#485074cc392689da78e1828a9ff23585e06cddd8"
  integrity sha512-kU62emKIdKVeEIOIKVegvqpXMSTAMLJozpHZaJNDYqBjzlSYXQGviYwN1osDLJ9av68qHd4a2oSjd7yD4pacig==
