# THIS IS AN AUTOGENERATED FILE. DO NOT EDIT THIS FILE DIRECTLY.
# yarn lockfile v1


"@onekeyfe/cross-inpage-provider-core@1.1.23":
  version "1.1.23"
  resolved "https://registry.yarnpkg.com/@onekeyfe/cross-inpage-provider-core/-/cross-inpage-provider-core-1.1.23.tgz#7edd8f2086032c5350f95840a5b2c1895e54765b"
  integrity sha512-JJ1M0qmFiBt430Qd5mlvZNYWdvnL2ojFJIqr9OTlmbiXC9fH/WqF0BuY45FV7yfz2L+TFmiHM6Yds3PUUlch5A==
  dependencies:
    "@onekeyfe/cross-inpage-provider-errors" "1.1.23"
    "@onekeyfe/cross-inpage-provider-events" "1.1.23"
    "@onekeyfe/cross-inpage-provider-types" "1.1.23"
    events "^3.3.0"
    lodash "^4.17.21"
    ms "^2.1.3"

"@onekeyfe/cross-inpage-provider-errors@1.1.23":
  version "1.1.23"
  resolved "https://registry.yarnpkg.com/@onekeyfe/cross-inpage-provider-errors/-/cross-inpage-provider-errors-1.1.23.tgz#0b5557871de7442e270654842af456db12840d8c"
  integrity sha512-F1P+HPVb8qaoPzXmmAekzvCSu7qW6Er3s74v5UtB93hK893HkCbLYmwWz2A9RVCP27lz39ZmOa7yDFaGqh0s2A==
  dependencies:
    fast-safe-stringify "^2.1.1"

"@onekeyfe/cross-inpage-provider-events@1.1.23":
  version "1.1.23"
  resolved "https://registry.yarnpkg.com/@onekeyfe/cross-inpage-provider-events/-/cross-inpage-provider-events-1.1.23.tgz#ebe6d52a41f417270cae9945f27ee3e1a35213b3"
  integrity sha512-WiUDlKTg6PcApVgjfntzG95RKSRtRbSoXAtlIxmuaN00g5dWJ3/hTGLj/suDBRgoW74l7VG7gh1YagS/5Xyr3Q==

"@onekeyfe/cross-inpage-provider-types@1.1.23":
  version "1.1.23"
  resolved "https://registry.yarnpkg.com/@onekeyfe/cross-inpage-provider-types/-/cross-inpage-provider-types-1.1.23.tgz#2f027cee5e7c884d17c654ce20770078afff8520"
  integrity sha512-yOigECuty8wV6042bSb04scTAPG7nBO8wU7ukGa953Lyh4g5dbZd7e7j1HULSDfBiEnkB9/4iuLkgDkEzo9e6g==

events@^3.3.0:
  version "3.3.0"
  resolved "https://registry.yarnpkg.com/events/-/events-3.3.0.tgz#31a95ad0a924e2d2c419a813aeb2c4e878ea7400"
  integrity sha512-mQw+2fkQbALzQ7V0MY0IqdnXNOeTtP4r0lN9z7AAawCXgqea7bDii20AYrIBrFd/Hx0M2Ocz6S111CaFkUcb0Q==

fast-safe-stringify@^2.1.1:
  version "2.1.1"
  resolved "https://registry.yarnpkg.com/fast-safe-stringify/-/fast-safe-stringify-2.1.1.tgz#c406a83b6e70d9e35ce3b30a81141df30aeba884"
  integrity sha512-W+KJc2dmILlPplD/H4K9l9LcAHAfPtP6BY84uVLXQ6Evcz9Lcg33Y2z1IVblT6xdY54PXYVHEv+0Wpq8Io6zkA==

lodash@^4.17.21:
  version "4.17.21"
  resolved "https://registry.yarnpkg.com/lodash/-/lodash-4.17.21.tgz#679591c564c3bffaae8454cf0b3df370c3d6911c"
  integrity sha512-v2kDEe57lecTulaDIuNTPy3Ry4gLGJ6Z1O3vE1krgXZNrsQ+LFTGHVxVjcXPs17LhbZVGedAJv8XZ1tvj5FvSg==

ms@^2.1.3:
  version "2.1.3"
  resolved "https://registry.yarnpkg.com/ms/-/ms-2.1.3.tgz#574c8138ce1d2b5861f0b44579dbadd60c6615b2"
  integrity sha512-6FlzubTLZG3J2a/NVCAleEhjzq5oxgHyaCU9yYXvcLsvoVaHJq/s5xXI6/XXP6tz7R9xAOtHnSO/tXtF3WRTlA==
